PODS:
  - BlocksKit (2.2.5):
    - BlocksKit/All (= 2.2.5)
  - BlocksKit/All (2.2.5):
    - BlocksKit/Core
    - BlocksKit/DynamicDelegate
    - BlocksKit/MessageUI
    - BlocksKit/UIKit
  - BlocksKit/Core (2.2.5)
  - BlocksKit/DynamicDelegate (2.2.5)
  - BlocksKit/MessageUI (2.2.5):
    - BlocksKit/Core
    - BlocksKit/DynamicDelegate
  - BlocksKit/UIKit (2.2.5):
    - BlocksKit/Core
    - BlocksKit/DynamicDelegate
  - ECSlidingViewController (2.0.3)
  - Mantle (1.5.4):
    - Mantle/extobjc (= 1.5.4)
  - Mantle/extobjc (1.5.4)
  - ReactiveCocoa (2.4.4):
    - ReactiveCocoa/UI (= 2.4.4)
  - ReactiveCocoa/Core (2.4.4):
    - ReactiveCocoa/no-arc
  - ReactiveCocoa/no-arc (2.4.4)
  - ReactiveCocoa/UI (2.4.4):
    - ReactiveCocoa/Core
  - SDWebImage (3.7.2):
    - SDWebImage/Core (= 3.7.2)
  - SDWebImage/Core (3.7.2)
  - STTwitter (0.1.8)
  - SVPullToRefresh (0.4.1)

DEPENDENCIES:
  - BlocksKit
  - ECSlidingViewController
  - Mantle
  - ReactiveCocoa
  - SDWebImage
  - STTwitter
  - SVPullToRefresh

SPEC CHECKSUMS:
  BlocksKit: 7f422b971407001178d181a43b99014ea2591fe6
  ECSlidingViewController: 6485c14f23b4487e9946535421ca8f111f86cc53
  Mantle: 60acd0cd363e27d945bda0a6b8e90577112d28f3
  ReactiveCocoa: cbe3b5eae464aa72a348a7323996b171728a9e71
  SDWebImage: 71b7cdc1d1721d6a82ed62889030225f2c249e29
  STTwitter: 2b05662fecfc8552626c464cc06c735153720974
  SVPullToRefresh: ba2e718695a43253d8bea6852d2960097dc15d8c

COCOAPODS: 0.35.0
