// !$*UTF8*$!
{
	archiveVersion = 1;
	classes = {
	};
	objectVersion = 46;
	objects = {

/* Begin PBXBuildFile section */
		76CBECDE1A83A111008C4551 /* main.m in Sources */ = {isa = PBXBuildFile; fileRef = 76CBECDD1A83A111008C4551 /* main.m */; };
		76CBECE11A83A111008C4551 /* AppDelegate.m in Sources */ = {isa = PBXBuildFile; fileRef = 76CBECE01A83A111008C4551 /* AppDelegate.m */; };
		76CBECE41A83A111008C4551 /* ViewController.m in Sources */ = {isa = PBXBuildFile; fileRef = 76CBECE31A83A111008C4551 /* ViewController.m */; };
		76CBECE91A83A111008C4551 /* Images.xcassets in Resources */ = {isa = PBXBuildFile; fileRef = 76CBECE81A83A111008C4551 /* Images.xcassets */; };
		76D9510C1A83A7A6009EC9D0 /* STTwitterAPI+RACSignalSupport.m in Sources */ = {isa = PBXBuildFile; fileRef = 76D9510B1A83A7A6009EC9D0 /* STTwitterAPI+RACSignalSupport.m */; };
		76D951101A8661C9009EC9D0 /* STAccessToken.m in Sources */ = {isa = PBXBuildFile; fileRef = 76D9510F1A8661C9009EC9D0 /* STAccessToken.m */; };
		76D951141A86648C009EC9D0 /* FEZTwitterAPI.m in Sources */ = {isa = PBXBuildFile; fileRef = 76D951131A86648C009EC9D0 /* FEZTwitterAPI.m */; };
		76D951171A86656E009EC9D0 /* STTwitterAPI+Fezaar.m in Sources */ = {isa = PBXBuildFile; fileRef = 76D951161A86656E009EC9D0 /* STTwitterAPI+Fezaar.m */; };
		9D448E2C1ABB11570024C26A /* FEZTwitterAPITests.m in Sources */ = {isa = PBXBuildFile; fileRef = 9D448E2B1ABB11570024C26A /* FEZTwitterAPITests.m */; };
		9D448E341ABB223E0024C26A /* FEZTweet.m in Sources */ = {isa = PBXBuildFile; fileRef = 9D448E331ABB223E0024C26A /* FEZTweet.m */; };
		9D448E371ABB23B80024C26A /* FEZTimeline.m in Sources */ = {isa = PBXBuildFile; fileRef = 9D448E361ABB23B80024C26A /* FEZTimeline.m */; };
		9D448E3F1ABB329E0024C26A /* HUKJson.m in Sources */ = {isa = PBXBuildFile; fileRef = 9D448E3E1ABB329E0024C26A /* HUKJson.m */; };
		9D47A3F91A8907E8003C1089 /* FEZConfig.m in Sources */ = {isa = PBXBuildFile; fileRef = 9D47A3F81A8907E8003C1089 /* FEZConfig.m */; };
		9D47A3FD1A890941003C1089 /* secrets.plist in Resources */ = {isa = PBXBuildFile; fileRef = 9D47A3FC1A890941003C1089 /* secrets.plist */; };
		9D713CC41ABCB96900709229 /* Social.framework in Frameworks */ = {isa = PBXBuildFile; fileRef = 9D713CC31ABCB96900709229 /* Social.framework */; };
		9D713CCA1ABCC0D800709229 /* HUKTwitter.m in Sources */ = {isa = PBXBuildFile; fileRef = 9D713CC91ABCC0D800709229 /* HUKTwitter.m */; };
		9D713CCE1ABCC16700709229 /* HUKTwitter+RACSupport.m in Sources */ = {isa = PBXBuildFile; fileRef = 9D713CCD1ABCC16700709229 /* HUKTwitter+RACSupport.m */; };
		9D713CD11ABCC4FC00709229 /* HUKArray.m in Sources */ = {isa = PBXBuildFile; fileRef = 9D713CD01ABCC4FC00709229 /* HUKArray.m */; };
		9D713CD41ABCC64800709229 /* HUKTwitterError.m in Sources */ = {isa = PBXBuildFile; fileRef = 9D713CD31ABCC64800709229 /* HUKTwitterError.m */; };
		9D713CD71ABCCDEE00709229 /* FEZTwitter.m in Sources */ = {isa = PBXBuildFile; fileRef = 9D713CD61ABCCDEE00709229 /* FEZTwitter.m */; };
		CBA7D452CC6A9D4C78CA2429 /* libPods-Fezaar.a in Frameworks */ = {isa = PBXBuildFile; fileRef = E2F22591E5C322311E6E6FEC /* libPods-Fezaar.a */; };
/* End PBXBuildFile section */

/* Begin PBXContainerItemProxy section */
		9D448E221ABB10910024C26A /* PBXContainerItemProxy */ = {
			isa = PBXContainerItemProxy;
			containerPortal = 76CBECD01A83A110008C4551 /* Project object */;
			proxyType = 1;
			remoteGlobalIDString = 76CBECD71A83A111008C4551;
			remoteInfo = Fezaar;
		};
/* End PBXContainerItemProxy section */

/* Begin PBXFileReference section */
		62BE729E8372FE414CB6B80F /* Pods-Fezaar.debug.xcconfig */ = {isa = PBXFileReference; includeInIndex = 1; lastKnownFileType = text.xcconfig; name = "Pods-Fezaar.debug.xcconfig"; path = "Pods/Target Support Files/Pods-Fezaar/Pods-Fezaar.debug.xcconfig"; sourceTree = "<group>"; };
		76CBECD81A83A111008C4551 /* Fezaar.app */ = {isa = PBXFileReference; explicitFileType = wrapper.application; includeInIndex = 0; path = Fezaar.app; sourceTree = BUILT_PRODUCTS_DIR; };
		76CBECDC1A83A111008C4551 /* Info.plist */ = {isa = PBXFileReference; lastKnownFileType = text.plist.xml; path = Info.plist; sourceTree = "<group>"; };
		76CBECDD1A83A111008C4551 /* main.m */ = {isa = PBXFileReference; lastKnownFileType = sourcecode.c.objc; path = main.m; sourceTree = "<group>"; };
		76CBECDF1A83A111008C4551 /* AppDelegate.h */ = {isa = PBXFileReference; lastKnownFileType = sourcecode.c.h; path = AppDelegate.h; sourceTree = "<group>"; };
		76CBECE01A83A111008C4551 /* AppDelegate.m */ = {isa = PBXFileReference; lastKnownFileType = sourcecode.c.objc; path = AppDelegate.m; sourceTree = "<group>"; };
		76CBECE21A83A111008C4551 /* ViewController.h */ = {isa = PBXFileReference; lastKnownFileType = sourcecode.c.h; path = ViewController.h; sourceTree = "<group>"; };
		76CBECE31A83A111008C4551 /* ViewController.m */ = {isa = PBXFileReference; lastKnownFileType = sourcecode.c.objc; path = ViewController.m; sourceTree = "<group>"; };
		76CBECE81A83A111008C4551 /* Images.xcassets */ = {isa = PBXFileReference; lastKnownFileType = folder.assetcatalog; path = Images.xcassets; sourceTree = "<group>"; };
		76D9510A1A83A7A6009EC9D0 /* STTwitterAPI+RACSignalSupport.h */ = {isa = PBXFileReference; fileEncoding = 4; lastKnownFileType = sourcecode.c.h; name = "STTwitterAPI+RACSignalSupport.h"; path = "Classes/Extensions/STTwitterAPI+RACSignalSupport.h"; sourceTree = "<group>"; };
		76D9510B1A83A7A6009EC9D0 /* STTwitterAPI+RACSignalSupport.m */ = {isa = PBXFileReference; fileEncoding = 4; lastKnownFileType = sourcecode.c.objc; name = "STTwitterAPI+RACSignalSupport.m"; path = "Classes/Extensions/STTwitterAPI+RACSignalSupport.m"; sourceTree = "<group>"; };
		76D9510E1A8661C9009EC9D0 /* STAccessToken.h */ = {isa = PBXFileReference; fileEncoding = 4; lastKnownFileType = sourcecode.c.h; name = STAccessToken.h; path = Classes/Extensions/Data/STAccessToken.h; sourceTree = "<group>"; };
		76D9510F1A8661C9009EC9D0 /* STAccessToken.m */ = {isa = PBXFileReference; fileEncoding = 4; lastKnownFileType = sourcecode.c.objc; name = STAccessToken.m; path = Classes/Extensions/Data/STAccessToken.m; sourceTree = "<group>"; };
		76D951121A86648C009EC9D0 /* FEZTwitterAPI.h */ = {isa = PBXFileReference; fileEncoding = 4; lastKnownFileType = sourcecode.c.h; name = FEZTwitterAPI.h; path = Classes/Services/FEZTwitterAPI.h; sourceTree = "<group>"; };
		76D951131A86648C009EC9D0 /* FEZTwitterAPI.m */ = {isa = PBXFileReference; fileEncoding = 4; lastKnownFileType = sourcecode.c.objc; name = FEZTwitterAPI.m; path = Classes/Services/FEZTwitterAPI.m; sourceTree = "<group>"; };
		76D951151A86656E009EC9D0 /* STTwitterAPI+Fezaar.h */ = {isa = PBXFileReference; fileEncoding = 4; lastKnownFileType = sourcecode.c.h; name = "STTwitterAPI+Fezaar.h"; path = "Classes/Extensions/STTwitterAPI+Fezaar.h"; sourceTree = "<group>"; };
		76D951161A86656E009EC9D0 /* STTwitterAPI+Fezaar.m */ = {isa = PBXFileReference; fileEncoding = 4; lastKnownFileType = sourcecode.c.objc; name = "STTwitterAPI+Fezaar.m"; path = "Classes/Extensions/STTwitterAPI+Fezaar.m"; sourceTree = "<group>"; };
		97BDA99465B87D771A638DAA /* Pods-Fezaar.release.xcconfig */ = {isa = PBXFileReference; includeInIndex = 1; lastKnownFileType = text.xcconfig; name = "Pods-Fezaar.release.xcconfig"; path = "Pods/Target Support Files/Pods-Fezaar/Pods-Fezaar.release.xcconfig"; sourceTree = "<group>"; };
		9D448E1C1ABB10900024C26A /* FezaarTests.xctest */ = {isa = PBXFileReference; explicitFileType = wrapper.cfbundle; includeInIndex = 0; path = FezaarTests.xctest; sourceTree = BUILT_PRODUCTS_DIR; };
		9D448E1F1ABB10910024C26A /* Info.plist */ = {isa = PBXFileReference; lastKnownFileType = text.plist.xml; path = Info.plist; sourceTree = "<group>"; };
		9D448E2B1ABB11570024C26A /* FEZTwitterAPITests.m */ = {isa = PBXFileReference; fileEncoding = 4; lastKnownFileType = sourcecode.c.objc; name = FEZTwitterAPITests.m; path = Classes/Services/FEZTwitterAPITests.m; sourceTree = "<group>"; };
		9D448E321ABB223E0024C26A /* FEZTweet.h */ = {isa = PBXFileReference; fileEncoding = 4; lastKnownFileType = sourcecode.c.h; name = FEZTweet.h; path = Classes/Models/Twitter/FEZTweet.h; sourceTree = "<group>"; };
		9D448E331ABB223E0024C26A /* FEZTweet.m */ = {isa = PBXFileReference; fileEncoding = 4; lastKnownFileType = sourcecode.c.objc; name = FEZTweet.m; path = Classes/Models/Twitter/FEZTweet.m; sourceTree = "<group>"; };
		9D448E351ABB23B80024C26A /* FEZTimeline.h */ = {isa = PBXFileReference; fileEncoding = 4; lastKnownFileType = sourcecode.c.h; name = FEZTimeline.h; path = Classes/Models/FEZTimeline.h; sourceTree = "<group>"; };
		9D448E361ABB23B80024C26A /* FEZTimeline.m */ = {isa = PBXFileReference; fileEncoding = 4; lastKnownFileType = sourcecode.c.objc; name = FEZTimeline.m; path = Classes/Models/FEZTimeline.m; sourceTree = "<group>"; };
		9D448E3D1ABB329E0024C26A /* HUKJson.h */ = {isa = PBXFileReference; fileEncoding = 4; lastKnownFileType = sourcecode.c.h; name = HUKJson.h; path = Classes/Libraries/HumourKit/HUKJson.h; sourceTree = "<group>"; };
		9D448E3E1ABB329E0024C26A /* HUKJson.m */ = {isa = PBXFileReference; fileEncoding = 4; lastKnownFileType = sourcecode.c.objc; name = HUKJson.m; path = Classes/Libraries/HumourKit/HUKJson.m; sourceTree = "<group>"; };
		9D47A3F71A8907E8003C1089 /* FEZConfig.h */ = {isa = PBXFileReference; fileEncoding = 4; lastKnownFileType = sourcecode.c.h; name = FEZConfig.h; path = Classes/Models/FEZConfig.h; sourceTree = "<group>"; };
		9D47A3F81A8907E8003C1089 /* FEZConfig.m */ = {isa = PBXFileReference; fileEncoding = 4; lastKnownFileType = sourcecode.c.objc; name = FEZConfig.m; path = Classes/Models/FEZConfig.m; sourceTree = "<group>"; };
		9D47A3FC1A890941003C1089 /* secrets.plist */ = {isa = PBXFileReference; fileEncoding = 4; lastKnownFileType = text.plist.xml; name = secrets.plist; path = Resources/Config/secrets.plist; sourceTree = "<group>"; };
		9D713CC31ABCB96900709229 /* Social.framework */ = {isa = PBXFileReference; lastKnownFileType = wrapper.framework; name = Social.framework; path = System/Library/Frameworks/Social.framework; sourceTree = SDKROOT; };
		9D713CC81ABCC0D800709229 /* HUKTwitter.h */ = {isa = PBXFileReference; fileEncoding = 4; lastKnownFileType = sourcecode.c.h; name = HUKTwitter.h; path = Classes/Libraries/HumourKit/HUKTwitter.h; sourceTree = "<group>"; };
		9D713CC91ABCC0D800709229 /* HUKTwitter.m */ = {isa = PBXFileReference; fileEncoding = 4; lastKnownFileType = sourcecode.c.objc; name = HUKTwitter.m; path = Classes/Libraries/HumourKit/HUKTwitter.m; sourceTree = "<group>"; };
		9D713CCC1ABCC16700709229 /* HUKTwitter+RACSupport.h */ = {isa = PBXFileReference; fileEncoding = 4; lastKnownFileType = sourcecode.c.h; name = "HUKTwitter+RACSupport.h"; path = "Classes/Libraries/HumourKit/HUKTwitter+RACSupport.h"; sourceTree = "<group>"; };
		9D713CCD1ABCC16700709229 /* HUKTwitter+RACSupport.m */ = {isa = PBXFileReference; fileEncoding = 4; lastKnownFileType = sourcecode.c.objc; name = "HUKTwitter+RACSupport.m"; path = "Classes/Libraries/HumourKit/HUKTwitter+RACSupport.m"; sourceTree = "<group>"; };
		9D713CCF1ABCC4FC00709229 /* HUKArray.h */ = {isa = PBXFileReference; fileEncoding = 4; lastKnownFileType = sourcecode.c.h; name = HUKArray.h; path = Classes/Libraries/HumourKit/HUKArray.h; sourceTree = "<group>"; };
		9D713CD01ABCC4FC00709229 /* HUKArray.m */ = {isa = PBXFileReference; fileEncoding = 4; lastKnownFileType = sourcecode.c.objc; name = HUKArray.m; path = Classes/Libraries/HumourKit/HUKArray.m; sourceTree = "<group>"; };
		9D713CD21ABCC64800709229 /* HUKTwitterError.h */ = {isa = PBXFileReference; fileEncoding = 4; lastKnownFileType = sourcecode.c.h; name = HUKTwitterError.h; path = Classes/Libraries/HumourKit/HUKTwitterError.h; sourceTree = "<group>"; };
		9D713CD31ABCC64800709229 /* HUKTwitterError.m */ = {isa = PBXFileReference; fileEncoding = 4; lastKnownFileType = sourcecode.c.objc; name = HUKTwitterError.m; path = Classes/Libraries/HumourKit/HUKTwitterError.m; sourceTree = "<group>"; };
		9D713CD51ABCCDEE00709229 /* FEZTwitter.h */ = {isa = PBXFileReference; fileEncoding = 4; lastKnownFileType = sourcecode.c.h; name = FEZTwitter.h; path = Classes/Services/FEZTwitter.h; sourceTree = "<group>"; };
		9D713CD61ABCCDEE00709229 /* FEZTwitter.m */ = {isa = PBXFileReference; fileEncoding = 4; lastKnownFileType = sourcecode.c.objc; name = FEZTwitter.m; path = Classes/Services/FEZTwitter.m; sourceTree = "<group>"; };
		E2F22591E5C322311E6E6FEC /* libPods-Fezaar.a */ = {isa = PBXFileReference; explicitFileType = archive.ar; includeInIndex = 0; path = "libPods-Fezaar.a"; sourceTree = BUILT_PRODUCTS_DIR; };
/* End PBXFileReference section */

/* Begin PBXFrameworksBuildPhase section */
		76CBECD51A83A111008C4551 /* Frameworks */ = {
			isa = PBXFrameworksBuildPhase;
			buildActionMask = 2147483647;
			files = (
				9D713CC41ABCB96900709229 /* Social.framework in Frameworks */,
				CBA7D452CC6A9D4C78CA2429 /* libPods-Fezaar.a in Frameworks */,
			);
			runOnlyForDeploymentPostprocessing = 0;
		};
		9D448E191ABB10900024C26A /* Frameworks */ = {
			isa = PBXFrameworksBuildPhase;
			buildActionMask = 2147483647;
			files = (
			);
			runOnlyForDeploymentPostprocessing = 0;
		};
/* End PBXFrameworksBuildPhase section */

/* Begin PBXGroup section */
		088B1984B1CDDEDDB153408F /* Frameworks */ = {
			isa = PBXGroup;
			children = (
				9D713CC31ABCB96900709229 /* Social.framework */,
				E2F22591E5C322311E6E6FEC /* libPods-Fezaar.a */,
			);
			name = Frameworks;
			sourceTree = "<group>";
		};
		76CBECCF1A83A110008C4551 = {
			isa = PBXGroup;
			children = (
				76CBECDA1A83A111008C4551 /* Fezaar */,
				9D448E1D1ABB10910024C26A /* FezaarTests */,
				76CBECD91A83A111008C4551 /* Products */,
				BF5B1D4517669CAC12D82838 /* Pods */,
				088B1984B1CDDEDDB153408F /* Frameworks */,
			);
			sourceTree = "<group>";
		};
		76CBECD91A83A111008C4551 /* Products */ = {
			isa = PBXGroup;
			children = (
				76CBECD81A83A111008C4551 /* Fezaar.app */,
				9D448E1C1ABB10900024C26A /* FezaarTests.xctest */,
			);
			name = Products;
			sourceTree = "<group>";
		};
		76CBECDA1A83A111008C4551 /* Fezaar */ = {
			isa = PBXGroup;
			children = (
				9D47A3FA1A8908A9003C1089 /* Resources */,
				76D951081A83A6DD009EC9D0 /* Classes */,
				76CBECDF1A83A111008C4551 /* AppDelegate.h */,
				76CBECE01A83A111008C4551 /* AppDelegate.m */,
				76CBECE21A83A111008C4551 /* ViewController.h */,
				76CBECE31A83A111008C4551 /* ViewController.m */,
				76CBECE81A83A111008C4551 /* Images.xcassets */,
				76CBECDB1A83A111008C4551 /* Supporting Files */,
			);
			path = Fezaar;
			sourceTree = "<group>";
		};
		76CBECDB1A83A111008C4551 /* Supporting Files */ = {
			isa = PBXGroup;
			children = (
				76CBECDC1A83A111008C4551 /* Info.plist */,
				76CBECDD1A83A111008C4551 /* main.m */,
			);
			name = "Supporting Files";
			sourceTree = "<group>";
		};
		76D951081A83A6DD009EC9D0 /* Classes */ = {
			isa = PBXGroup;
			children = (
				9D448E381ABB31AB0024C26A /* Libraries */,
				9D47A3F61A89078B003C1089 /* Models */,
				76D951111A866457009EC9D0 /* Services */,
				76D951091A83A6E2009EC9D0 /* Extensions */,
			);
			name = Classes;
			sourceTree = "<group>";
		};
		76D951091A83A6E2009EC9D0 /* Extensions */ = {
			isa = PBXGroup;
			children = (
				76D9510D1A85FC61009EC9D0 /* Data */,
				76D9510A1A83A7A6009EC9D0 /* STTwitterAPI+RACSignalSupport.h */,
				76D9510B1A83A7A6009EC9D0 /* STTwitterAPI+RACSignalSupport.m */,
				76D951151A86656E009EC9D0 /* STTwitterAPI+Fezaar.h */,
				76D951161A86656E009EC9D0 /* STTwitterAPI+Fezaar.m */,
			);
			name = Extensions;
			sourceTree = "<group>";
		};
		76D9510D1A85FC61009EC9D0 /* Data */ = {
			isa = PBXGroup;
			children = (
				76D9510E1A8661C9009EC9D0 /* STAccessToken.h */,
				76D9510F1A8661C9009EC9D0 /* STAccessToken.m */,
			);
			name = Data;
			sourceTree = "<group>";
		};
		76D951111A866457009EC9D0 /* Services */ = {
			isa = PBXGroup;
			children = (
				76D951121A86648C009EC9D0 /* FEZTwitterAPI.h */,
				76D951131A86648C009EC9D0 /* FEZTwitterAPI.m */,
				9D713CD51ABCCDEE00709229 /* FEZTwitter.h */,
				9D713CD61ABCCDEE00709229 /* FEZTwitter.m */,
			);
			name = Services;
			sourceTree = "<group>";
		};
		9D448E1D1ABB10910024C26A /* FezaarTests */ = {
			isa = PBXGroup;
			children = (
				9D448E291ABB11430024C26A /* Classes */,
				9D448E1E1ABB10910024C26A /* Supporting Files */,
			);
			path = FezaarTests;
			sourceTree = "<group>";
		};
		9D448E1E1ABB10910024C26A /* Supporting Files */ = {
			isa = PBXGroup;
			children = (
				9D448E1F1ABB10910024C26A /* Info.plist */,
			);
			name = "Supporting Files";
			sourceTree = "<group>";
		};
		9D448E291ABB11430024C26A /* Classes */ = {
			isa = PBXGroup;
			children = (
				9D448E2A1ABB114B0024C26A /* Services */,
			);
			name = Classes;
			sourceTree = "<group>";
		};
		9D448E2A1ABB114B0024C26A /* Services */ = {
			isa = PBXGroup;
			children = (
				9D448E2B1ABB11570024C26A /* FEZTwitterAPITests.m */,
			);
			name = Services;
			sourceTree = "<group>";
		};
		9D448E2E1ABB21B60024C26A /* Twitter */ = {
			isa = PBXGroup;
			children = (
				9D448E321ABB223E0024C26A /* FEZTweet.h */,
				9D448E331ABB223E0024C26A /* FEZTweet.m */,
			);
			name = Twitter;
			sourceTree = "<group>";
		};
		9D448E381ABB31AB0024C26A /* Libraries */ = {
			isa = PBXGroup;
			children = (
				9D448E391ABB31BE0024C26A /* HumourKit */,
			);
			name = Libraries;
			sourceTree = "<group>";
		};
		9D448E391ABB31BE0024C26A /* HumourKit */ = {
			isa = PBXGroup;
			children = (
				9D713CCF1ABCC4FC00709229 /* HUKArray.h */,
				9D713CD01ABCC4FC00709229 /* HUKArray.m */,
				9D448E3D1ABB329E0024C26A /* HUKJson.h */,
				9D448E3E1ABB329E0024C26A /* HUKJson.m */,
				9D713CC81ABCC0D800709229 /* HUKTwitter.h */,
				9D713CC91ABCC0D800709229 /* HUKTwitter.m */,
				9D713CD21ABCC64800709229 /* HUKTwitterError.h */,
				9D713CD31ABCC64800709229 /* HUKTwitterError.m */,
				9D713CCC1ABCC16700709229 /* HUKTwitter+RACSupport.h */,
				9D713CCD1ABCC16700709229 /* HUKTwitter+RACSupport.m */,
			);
			name = HumourKit;
			sourceTree = "<group>";
		};
		9D47A3F61A89078B003C1089 /* Models */ = {
			isa = PBXGroup;
			children = (
				9D448E2E1ABB21B60024C26A /* Twitter */,
				9D47A3F71A8907E8003C1089 /* FEZConfig.h */,
				9D47A3F81A8907E8003C1089 /* FEZConfig.m */,
				9D448E351ABB23B80024C26A /* FEZTimeline.h */,
				9D448E361ABB23B80024C26A /* FEZTimeline.m */,
			);
			name = Models;
			sourceTree = "<group>";
		};
		9D47A3FA1A8908A9003C1089 /* Resources */ = {
			isa = PBXGroup;
			children = (
				9D47A3FB1A890936003C1089 /* Config */,
			);
			name = Resources;
			sourceTree = "<group>";
		};
		9D47A3FB1A890936003C1089 /* Config */ = {
			isa = PBXGroup;
			children = (
				9D47A3FC1A890941003C1089 /* secrets.plist */,
			);
			name = Config;
			sourceTree = "<group>";
		};
		BF5B1D4517669CAC12D82838 /* Pods */ = {
			isa = PBXGroup;
			children = (
				62BE729E8372FE414CB6B80F /* Pods-Fezaar.debug.xcconfig */,
				97BDA99465B87D771A638DAA /* Pods-Fezaar.release.xcconfig */,
			);
			name = Pods;
			sourceTree = "<group>";
		};
/* End PBXGroup section */

/* Begin PBXNativeTarget section */
		76CBECD71A83A111008C4551 /* Fezaar */ = {
			isa = PBXNativeTarget;
			buildConfigurationList = 76CBECFB1A83A111008C4551 /* Build configuration list for PBXNativeTarget "Fezaar" */;
			buildPhases = (
				54F7C75881ACCEC4961100E6 /* Check Pods Manifest.lock */,
				76CBECD41A83A111008C4551 /* Sources */,
				76CBECD51A83A111008C4551 /* Frameworks */,
				76CBECD61A83A111008C4551 /* Resources */,
				C48DB903DD60EB7D4B26886B /* Copy Pods Resources */,
			);
			buildRules = (
			);
			dependencies = (
			);
			name = Fezaar;
			productName = Fezaar;
			productReference = 76CBECD81A83A111008C4551 /* Fezaar.app */;
			productType = "com.apple.product-type.application";
		};
		9D448E1B1ABB10900024C26A /* FezaarTests */ = {
			isa = PBXNativeTarget;
			buildConfigurationList = 9D448E241ABB10910024C26A /* Build configuration list for PBXNativeTarget "FezaarTests" */;
			buildPhases = (
				9D448E181ABB10900024C26A /* Sources */,
				9D448E191ABB10900024C26A /* Frameworks */,
				9D448E1A1ABB10900024C26A /* Resources */,
			);
			buildRules = (
			);
			dependencies = (
				9D448E231ABB10910024C26A /* PBXTargetDependency */,
			);
			name = FezaarTests;
			productName = FezaarTests;
			productReference = 9D448E1C1ABB10900024C26A /* FezaarTests.xctest */;
			productType = "com.apple.product-type.bundle.unit-test";
		};
/* End PBXNativeTarget section */

/* Begin PBXProject section */
		76CBECD01A83A110008C4551 /* Project object */ = {
			isa = PBXProject;
			attributes = {
				LastUpgradeCheck = 0610;
				ORGANIZATIONNAME = HumourStudio;
				TargetAttributes = {
					76CBECD71A83A111008C4551 = {
						CreatedOnToolsVersion = 6.1.1;
					};
					9D448E1B1ABB10900024C26A = {
						CreatedOnToolsVersion = 6.2;
						TestTargetID = 76CBECD71A83A111008C4551;
					};
				};
			};
			buildConfigurationList = 76CBECD31A83A110008C4551 /* Build configuration list for PBXProject "Fezaar" */;
			compatibilityVersion = "Xcode 3.2";
			developmentRegion = English;
			hasScannedForEncodings = 0;
			knownRegions = (
				en,
				Base,
			);
			mainGroup = 76CBECCF1A83A110008C4551;
			productRefGroup = 76CBECD91A83A111008C4551 /* Products */;
			projectDirPath = "";
			projectRoot = "";
			targets = (
				76CBECD71A83A111008C4551 /* Fezaar */,
				9D448E1B1ABB10900024C26A /* FezaarTests */,
			);
		};
/* End PBXProject section */

/* Begin PBXResourcesBuildPhase section */
		76CBECD61A83A111008C4551 /* Resources */ = {
			isa = PBXResourcesBuildPhase;
			buildActionMask = 2147483647;
			files = (
				9D47A3FD1A890941003C1089 /* secrets.plist in Resources */,
				76CBECE91A83A111008C4551 /* Images.xcassets in Resources */,
			);
			runOnlyForDeploymentPostprocessing = 0;
		};
		9D448E1A1ABB10900024C26A /* Resources */ = {
			isa = PBXResourcesBuildPhase;
			buildActionMask = 2147483647;
			files = (
			);
			runOnlyForDeploymentPostprocessing = 0;
		};
/* End PBXResourcesBuildPhase section */

/* Begin PBXShellScriptBuildPhase section */
		54F7C75881ACCEC4961100E6 /* Check Pods Manifest.lock */ = {
			isa = PBXShellScriptBuildPhase;
			buildActionMask = 2147483647;
			files = (
			);
			inputPaths = (
			);
			name = "Check Pods Manifest.lock";
			outputPaths = (
			);
			runOnlyForDeploymentPostprocessing = 0;
			shellPath = /bin/sh;
			shellScript = "diff \"${PODS_ROOT}/../Podfile.lock\" \"${PODS_ROOT}/Manifest.lock\" > /dev/null\nif [[ $? != 0 ]] ; then\n    cat << EOM\nerror: The sandbox is not in sync with the Podfile.lock. Run 'pod install' or update your CocoaPods installation.\nEOM\n    exit 1\nfi\n";
			showEnvVarsInLog = 0;
		};
		C48DB903DD60EB7D4B26886B /* Copy Pods Resources */ = {
			isa = PBXShellScriptBuildPhase;
			buildActionMask = 2147483647;
			files = (
			);
			inputPaths = (
			);
			name = "Copy Pods Resources";
			outputPaths = (
			);
			runOnlyForDeploymentPostprocessing = 0;
			shellPath = /bin/sh;
			shellScript = "\"${SRCROOT}/Pods/Target Support Files/Pods-Fezaar/Pods-Fezaar-resources.sh\"\n";
			showEnvVarsInLog = 0;
		};
/* End PBXShellScriptBuildPhase section */

/* Begin PBXSourcesBuildPhase section */
		76CBECD41A83A111008C4551 /* Sources */ = {
			isa = PBXSourcesBuildPhase;
			buildActionMask = 2147483647;
			files = (
				9D448E371ABB23B80024C26A /* FEZTimeline.m in Sources */,
				9D448E3F1ABB329E0024C26A /* HUKJson.m in Sources */,
				9D713CCA1ABCC0D800709229 /* HUKTwitter.m in Sources */,
				76D951141A86648C009EC9D0 /* FEZTwitterAPI.m in Sources */,
				9D448E341ABB223E0024C26A /* FEZTweet.m in Sources */,
				76CBECE41A83A111008C4551 /* ViewController.m in Sources */,
				9D713CCE1ABCC16700709229 /* HUKTwitter+RACSupport.m in Sources */,
				9D47A3F91A8907E8003C1089 /* FEZConfig.m in Sources */,
				9D713CD11ABCC4FC00709229 /* HUKArray.m in Sources */,
				76D9510C1A83A7A6009EC9D0 /* STTwitterAPI+RACSignalSupport.m in Sources */,
				76D951171A86656E009EC9D0 /* STTwitterAPI+Fezaar.m in Sources */,
				9D713CD41ABCC64800709229 /* HUKTwitterError.m in Sources */,
				76D951101A8661C9009EC9D0 /* STAccessToken.m in Sources */,
				76CBECE11A83A111008C4551 /* AppDelegate.m in Sources */,
				76CBECDE1A83A111008C4551 /* main.m in Sources */,
				9D713CD71ABCCDEE00709229 /* FEZTwitter.m in Sources */,
			);
			runOnlyForDeploymentPostprocessing = 0;
		};
		9D448E181ABB10900024C26A /* Sources */ = {
			isa = PBXSourcesBuildPhase;
			buildActionMask = 2147483647;
			files = (
				9D448E2C1ABB11570024C26A /* FEZTwitterAPITests.m in Sources */,
			);
			runOnlyForDeploymentPostprocessing = 0;
		};
/* End PBXSourcesBuildPhase section */

/* Begin PBXTargetDependency section */
		9D448E231ABB10910024C26A /* PBXTargetDependency */ = {
			isa = PBXTargetDependency;
			target = 76CBECD71A83A111008C4551 /* Fezaar */;
			targetProxy = 9D448E221ABB10910024C26A /* PBXContainerItemProxy */;
		};
/* End PBXTargetDependency section */

/* Begin XCBuildConfiguration section */
		76CBECF91A83A111008C4551 /* Debug */ = {
			isa = XCBuildConfiguration;
			buildSettings = {
				ALWAYS_SEARCH_USER_PATHS = NO;
				CLANG_CXX_LANGUAGE_STANDARD = "gnu++0x";
				CLANG_CXX_LIBRARY = "libc++";
				CLANG_ENABLE_MODULES = YES;
				CLANG_ENABLE_OBJC_ARC = YES;
				CLANG_WARN_BOOL_CONVERSION = YES;
				CLANG_WARN_CONSTANT_CONVERSION = YES;
				CLANG_WARN_DIRECT_OBJC_ISA_USAGE = YES_ERROR;
				CLANG_WARN_EMPTY_BODY = YES;
				CLANG_WARN_ENUM_CONVERSION = YES;
				CLANG_WARN_INT_CONVERSION = YES;
				CLANG_WARN_OBJC_ROOT_CLASS = YES_ERROR;
				CLANG_WARN_UNREACHABLE_CODE = YES;
				CLANG_WARN__DUPLICATE_METHOD_MATCH = YES;
				"CODE_SIGN_IDENTITY[sdk=iphoneos*]" = "iPhone Developer";
				COPY_PHASE_STRIP = NO;
				ENABLE_STRICT_OBJC_MSGSEND = YES;
				GCC_C_LANGUAGE_STANDARD = gnu99;
				GCC_DYNAMIC_NO_PIC = NO;
				GCC_OPTIMIZATION_LEVEL = 0;
				GCC_PREPROCESSOR_DEFINITIONS = (
					"DEBUG=1",
					"$(inherited)",
				);
				GCC_SYMBOLS_PRIVATE_EXTERN = NO;
				GCC_WARN_64_TO_32_BIT_CONVERSION = YES;
				GCC_WARN_ABOUT_RETURN_TYPE = YES_ERROR;
				GCC_WARN_UNDECLARED_SELECTOR = YES;
				GCC_WARN_UNINITIALIZED_AUTOS = YES_AGGRESSIVE;
				GCC_WARN_UNUSED_FUNCTION = YES;
				GCC_WARN_UNUSED_VARIABLE = YES;
				IPHONEOS_DEPLOYMENT_TARGET = 8.1;
				MTL_ENABLE_DEBUG_INFO = YES;
				ONLY_ACTIVE_ARCH = YES;
				SDKROOT = iphoneos;
			};
			name = Debug;
		};
		76CBECFA1A83A111008C4551 /* Release */ = {
			isa = XCBuildConfiguration;
			buildSettings = {
				ALWAYS_SEARCH_USER_PATHS = NO;
				CLANG_CXX_LANGUAGE_STANDARD = "gnu++0x";
				CLANG_CXX_LIBRARY = "libc++";
				CLANG_ENABLE_MODULES = YES;
				CLANG_ENABLE_OBJC_ARC = YES;
				CLANG_WARN_BOOL_CONVERSION = YES;
				CLANG_WARN_CONSTANT_CONVERSION = YES;
				CLANG_WARN_DIRECT_OBJC_ISA_USAGE = YES_ERROR;
				CLANG_WARN_EMPTY_BODY = YES;
				CLANG_WARN_ENUM_CONVERSION = YES;
				CLANG_WARN_INT_CONVERSION = YES;
				CLANG_WARN_OBJC_ROOT_CLASS = YES_ERROR;
				CLANG_WARN_UNREACHABLE_CODE = YES;
				CLANG_WARN__DUPLICATE_METHOD_MATCH = YES;
				"CODE_SIGN_IDENTITY[sdk=iphoneos*]" = "iPhone Developer";
				COPY_PHASE_STRIP = YES;
				ENABLE_NS_ASSERTIONS = NO;
				ENABLE_STRICT_OBJC_MSGSEND = YES;
				GCC_C_LANGUAGE_STANDARD = gnu99;
				GCC_WARN_64_TO_32_BIT_CONVERSION = YES;
				GCC_WARN_ABOUT_RETURN_TYPE = YES_ERROR;
				GCC_WARN_UNDECLARED_SELECTOR = YES;
				GCC_WARN_UNINITIALIZED_AUTOS = YES_AGGRESSIVE;
				GCC_WARN_UNUSED_FUNCTION = YES;
				GCC_WARN_UNUSED_VARIABLE = YES;
				IPHONEOS_DEPLOYMENT_TARGET = 8.1;
				MTL_ENABLE_DEBUG_INFO = NO;
				SDKROOT = iphoneos;
				VALIDATE_PRODUCT = YES;
			};
			name = Release;
		};
		76CBECFC1A83A111008C4551 /* Debug */ = {
			isa = XCBuildConfiguration;
			baseConfigurationReference = 62BE729E8372FE414CB6B80F /* Pods-Fezaar.debug.xcconfig */;
			buildSettings = {
				ASSETCATALOG_COMPILER_APPICON_NAME = AppIcon;
				INFOPLIST_FILE = Fezaar/Info.plist;
				LD_RUNPATH_SEARCH_PATHS = "$(inherited) @executable_path/Frameworks";
				PRODUCT_NAME = Fezaar;
			};
			name = Debug;
		};
		76CBECFD1A83A111008C4551 /* Release */ = {
			isa = XCBuildConfiguration;
			baseConfigurationReference = 97BDA99465B87D771A638DAA /* Pods-Fezaar.release.xcconfig */;
			buildSettings = {
				ASSETCATALOG_COMPILER_APPICON_NAME = AppIcon;
				INFOPLIST_FILE = Fezaar/Info.plist;
				LD_RUNPATH_SEARCH_PATHS = "$(inherited) @executable_path/Frameworks";
				PRODUCT_NAME = Fezaar;
			};
			name = Release;
		};
		9D448E251ABB10910024C26A /* Debug */ = {
			isa = XCBuildConfiguration;
			baseConfigurationReference = 62BE729E8372FE414CB6B80F /* Pods-Fezaar.debug.xcconfig */;
			buildSettings = {
				BUNDLE_LOADER = "$(TEST_HOST)";
				FRAMEWORK_SEARCH_PATHS = (
					"$(SDKROOT)/Developer/Library/Frameworks",
					"$(inherited)",
				);
				GCC_PREPROCESSOR_DEFINITIONS = (
					"DEBUG=1",
					"$(inherited)",
				);
				INFOPLIST_FILE = FezaarTests/Info.plist;
				IPHONEOS_DEPLOYMENT_TARGET = 8.2;
				LD_RUNPATH_SEARCH_PATHS = "$(inherited) @executable_path/Frameworks @loader_path/Frameworks";
				PRODUCT_NAME = "$(TARGET_NAME)";
				TEST_HOST = "$(BUILT_PRODUCTS_DIR)/Fezaar.app/Fezaar";
			};
			name = Debug;
		};
		9D448E261ABB10910024C26A /* Release */ = {
			isa = XCBuildConfiguration;
			baseConfigurationReference = 97BDA99465B87D771A638DAA /* Pods-Fezaar.release.xcconfig */;
			buildSettings = {
				BUNDLE_LOADER = "$(TEST_HOST)";
				COPY_PHASE_STRIP = NO;
				FRAMEWORK_SEARCH_PATHS = (
					"$(SDKROOT)/Developer/Library/Frameworks",
					"$(inherited)",
				);
				INFOPLIST_FILE = FezaarTests/Info.plist;
				IPHONEOS_DEPLOYMENT_TARGET = 8.2;
				LD_RUNPATH_SEARCH_PATHS = "$(inherited) @executable_path/Frameworks @loader_path/Frameworks";
				PRODUCT_NAME = "$(TARGET_NAME)";
				TEST_HOST = "$(BUILT_PRODUCTS_DIR)/Fezaar.app/Fezaar";
			};
			name = Release;
		};
/* End XCBuildConfiguration section */

/* Begin XCConfigurationList section */
		76CBECD31A83A110008C4551 /* Build configuration list for PBXProject "Fezaar" */ = {
			isa = XCConfigurationList;
			buildConfigurations = (
				76CBECF91A83A111008C4551 /* Debug */,
				76CBECFA1A83A111008C4551 /* Release */,
			);
			defaultConfigurationIsVisible = 0;
			defaultConfigurationName = Release;
		};
		76CBECFB1A83A111008C4551 /* Build configuration list for PBXNativeTarget "Fezaar" */ = {
			isa = XCConfigurationList;
			buildConfigurations = (
				76CBECFC1A83A111008C4551 /* Debug */,
				76CBECFD1A83A111008C4551 /* Release */,
			);
			defaultConfigurationIsVisible = 0;
			defaultConfigurationName = Release;
		};
		9D448E241ABB10910024C26A /* Build configuration list for PBXNativeTarget "FezaarTests" */ = {
			isa = XCConfigurationList;
			buildConfigurations = (
				9D448E251ABB10910024C26A /* Debug */,
				9D448E261ABB10910024C26A /* Release */,
			);
			defaultConfigurationIsVisible = 0;
			defaultConfigurationName = Release;
		};
/* End XCConfigurationList section */
	};
	rootObject = 76CBECD01A83A110008C4551 /* Project object */;
}
