// !$*UTF8*$!
{
	archiveVersion = 1;
	classes = {
	};
	objectVersion = 46;
	objects = {

/* Begin PBXBuildFile section */
		76CBECDE1A83A111008C4551 /* main.m in Sources */ = {isa = PBXBuildFile; fileRef = 76CBECDD1A83A111008C4551 /* main.m */; };
		76CBECE11A83A111008C4551 /* AppDelegate.m in Sources */ = {isa = PBXBuildFile; fileRef = 76CBECE01A83A111008C4551 /* AppDelegate.m */; };
		76CBECE41A83A111008C4551 /* ViewController.m in Sources */ = {isa = PBXBuildFile; fileRef = 76CBECE31A83A111008C4551 /* ViewController.m */; };
		76CBECE71A83A111008C4551 /* Main.storyboard in Resources */ = {isa = PBXBuildFile; fileRef = 76CBECE51A83A111008C4551 /* Main.storyboard */; };
		76CBECE91A83A111008C4551 /* Images.xcassets in Resources */ = {isa = PBXBuildFile; fileRef = 76CBECE81A83A111008C4551 /* Images.xcassets */; };
		76CBECEC1A83A111008C4551 /* LaunchScreen.xib in Resources */ = {isa = PBXBuildFile; fileRef = 76CBECEA1A83A111008C4551 /* LaunchScreen.xib */; };
		76CBECF81A83A111008C4551 /* FeatherTests.m in Sources */ = {isa = PBXBuildFile; fileRef = 76CBECF71A83A111008C4551 /* FeatherTests.m */; };
/* End PBXBuildFile section */

/* Begin PBXContainerItemProxy section */
		76CBECF21A83A111008C4551 /* PBXContainerItemProxy */ = {
			isa = PBXContainerItemProxy;
			containerPortal = 76CBECD01A83A110008C4551 /* Project object */;
			proxyType = 1;
			remoteGlobalIDString = 76CBECD71A83A111008C4551;
			remoteInfo = Feather;
		};
/* End PBXContainerItemProxy section */

/* Begin PBXFileReference section */
		76CBECD81A83A111008C4551 /* Feather.app */ = {isa = PBXFileReference; explicitFileType = wrapper.application; includeInIndex = 0; path = Feather.app; sourceTree = BUILT_PRODUCTS_DIR; };
		76CBECDC1A83A111008C4551 /* Info.plist */ = {isa = PBXFileReference; lastKnownFileType = text.plist.xml; path = Info.plist; sourceTree = "<group>"; };
		76CBECDD1A83A111008C4551 /* main.m */ = {isa = PBXFileReference; lastKnownFileType = sourcecode.c.objc; path = main.m; sourceTree = "<group>"; };
		76CBECDF1A83A111008C4551 /* AppDelegate.h */ = {isa = PBXFileReference; lastKnownFileType = sourcecode.c.h; path = AppDelegate.h; sourceTree = "<group>"; };
		76CBECE01A83A111008C4551 /* AppDelegate.m */ = {isa = PBXFileReference; lastKnownFileType = sourcecode.c.objc; path = AppDelegate.m; sourceTree = "<group>"; };
		76CBECE21A83A111008C4551 /* ViewController.h */ = {isa = PBXFileReference; lastKnownFileType = sourcecode.c.h; path = ViewController.h; sourceTree = "<group>"; };
		76CBECE31A83A111008C4551 /* ViewController.m */ = {isa = PBXFileReference; lastKnownFileType = sourcecode.c.objc; path = ViewController.m; sourceTree = "<group>"; };
		76CBECE61A83A111008C4551 /* Base */ = {isa = PBXFileReference; lastKnownFileType = file.storyboard; name = Base; path = Base.lproj/Main.storyboard; sourceTree = "<group>"; };
		76CBECE81A83A111008C4551 /* Images.xcassets */ = {isa = PBXFileReference; lastKnownFileType = folder.assetcatalog; path = Images.xcassets; sourceTree = "<group>"; };
		76CBECEB1A83A111008C4551 /* Base */ = {isa = PBXFileReference; lastKnownFileType = file.xib; name = Base; path = Base.lproj/LaunchScreen.xib; sourceTree = "<group>"; };
		76CBECF11A83A111008C4551 /* FeatherTests.xctest */ = {isa = PBXFileReference; explicitFileType = wrapper.cfbundle; includeInIndex = 0; path = FeatherTests.xctest; sourceTree = BUILT_PRODUCTS_DIR; };
		76CBECF61A83A111008C4551 /* Info.plist */ = {isa = PBXFileReference; lastKnownFileType = text.plist.xml; path = Info.plist; sourceTree = "<group>"; };
		76CBECF71A83A111008C4551 /* FeatherTests.m */ = {isa = PBXFileReference; lastKnownFileType = sourcecode.c.objc; path = FeatherTests.m; sourceTree = "<group>"; };
/* End PBXFileReference section */

/* Begin PBXFrameworksBuildPhase section */
		76CBECD51A83A111008C4551 /* Frameworks */ = {
			isa = PBXFrameworksBuildPhase;
			buildActionMask = 2147483647;
			files = (
			);
			runOnlyForDeploymentPostprocessing = 0;
		};
		76CBECEE1A83A111008C4551 /* Frameworks */ = {
			isa = PBXFrameworksBuildPhase;
			buildActionMask = 2147483647;
			files = (
			);
			runOnlyForDeploymentPostprocessing = 0;
		};
/* End PBXFrameworksBuildPhase section */

/* Begin PBXGroup section */
		76CBECCF1A83A110008C4551 = {
			isa = PBXGroup;
			children = (
				76CBECDA1A83A111008C4551 /* Feather */,
				76CBECF41A83A111008C4551 /* FeatherTests */,
				76CBECD91A83A111008C4551 /* Products */,
			);
			sourceTree = "<group>";
		};
		76CBECD91A83A111008C4551 /* Products */ = {
			isa = PBXGroup;
			children = (
				76CBECD81A83A111008C4551 /* Feather.app */,
				76CBECF11A83A111008C4551 /* FeatherTests.xctest */,
			);
			name = Products;
			sourceTree = "<group>";
		};
		76CBECDA1A83A111008C4551 /* Feather */ = {
			isa = PBXGroup;
			children = (
				76CBECDF1A83A111008C4551 /* AppDelegate.h */,
				76CBECE01A83A111008C4551 /* AppDelegate.m */,
				76CBECE21A83A111008C4551 /* ViewController.h */,
				76CBECE31A83A111008C4551 /* ViewController.m */,
				76CBECE51A83A111008C4551 /* Main.storyboard */,
				76CBECE81A83A111008C4551 /* Images.xcassets */,
				76CBECEA1A83A111008C4551 /* LaunchScreen.xib */,
				76CBECDB1A83A111008C4551 /* Supporting Files */,
			);
			path = Feather;
			sourceTree = "<group>";
		};
		76CBECDB1A83A111008C4551 /* Supporting Files */ = {
			isa = PBXGroup;
			children = (
				76CBECDC1A83A111008C4551 /* Info.plist */,
				76CBECDD1A83A111008C4551 /* main.m */,
			);
			name = "Supporting Files";
			sourceTree = "<group>";
		};
		76CBECF41A83A111008C4551 /* FeatherTests */ = {
			isa = PBXGroup;
			children = (
				76CBECF71A83A111008C4551 /* FeatherTests.m */,
				76CBECF51A83A111008C4551 /* Supporting Files */,
			);
			path = FeatherTests;
			sourceTree = "<group>";
		};
		76CBECF51A83A111008C4551 /* Supporting Files */ = {
			isa = PBXGroup;
			children = (
				76CBECF61A83A111008C4551 /* Info.plist */,
			);
			name = "Supporting Files";
			sourceTree = "<group>";
		};
/* End PBXGroup section */

/* Begin PBXNativeTarget section */
		76CBECD71A83A111008C4551 /* Feather */ = {
			isa = PBXNativeTarget;
			buildConfigurationList = 76CBECFB1A83A111008C4551 /* Build configuration list for PBXNativeTarget "Feather" */;
			buildPhases = (
				76CBECD41A83A111008C4551 /* Sources */,
				76CBECD51A83A111008C4551 /* Frameworks */,
				76CBECD61A83A111008C4551 /* Resources */,
			);
			buildRules = (
			);
			dependencies = (
			);
			name = Feather;
			productName = Feather;
			productReference = 76CBECD81A83A111008C4551 /* Feather.app */;
			productType = "com.apple.product-type.application";
		};
		76CBECF01A83A111008C4551 /* FeatherTests */ = {
			isa = PBXNativeTarget;
			buildConfigurationList = 76CBECFE1A83A111008C4551 /* Build configuration list for PBXNativeTarget "FeatherTests" */;
			buildPhases = (
				76CBECED1A83A111008C4551 /* Sources */,
				76CBECEE1A83A111008C4551 /* Frameworks */,
				76CBECEF1A83A111008C4551 /* Resources */,
			);
			buildRules = (
			);
			dependencies = (
				76CBECF31A83A111008C4551 /* PBXTargetDependency */,
			);
			name = FeatherTests;
			productName = FeatherTests;
			productReference = 76CBECF11A83A111008C4551 /* FeatherTests.xctest */;
			productType = "com.apple.product-type.bundle.unit-test";
		};
/* End PBXNativeTarget section */

/* Begin PBXProject section */
		76CBECD01A83A110008C4551 /* Project object */ = {
			isa = PBXProject;
			attributes = {
				LastUpgradeCheck = 0610;
				ORGANIZATIONNAME = HumourStudio;
				TargetAttributes = {
					76CBECD71A83A111008C4551 = {
						CreatedOnToolsVersion = 6.1.1;
					};
					76CBECF01A83A111008C4551 = {
						CreatedOnToolsVersion = 6.1.1;
						TestTargetID = 76CBECD71A83A111008C4551;
					};
				};
			};
			buildConfigurationList = 76CBECD31A83A110008C4551 /* Build configuration list for PBXProject "Feather" */;
			compatibilityVersion = "Xcode 3.2";
			developmentRegion = English;
			hasScannedForEncodings = 0;
			knownRegions = (
				en,
				Base,
			);
			mainGroup = 76CBECCF1A83A110008C4551;
			productRefGroup = 76CBECD91A83A111008C4551 /* Products */;
			projectDirPath = "";
			projectRoot = "";
			targets = (
				76CBECD71A83A111008C4551 /* Feather */,
				76CBECF01A83A111008C4551 /* FeatherTests */,
			);
		};
/* End PBXProject section */

/* Begin PBXResourcesBuildPhase section */
		76CBECD61A83A111008C4551 /* Resources */ = {
			isa = PBXResourcesBuildPhase;
			buildActionMask = 2147483647;
			files = (
				76CBECE71A83A111008C4551 /* Main.storyboard in Resources */,
				76CBECEC1A83A111008C4551 /* LaunchScreen.xib in Resources */,
				76CBECE91A83A111008C4551 /* Images.xcassets in Resources */,
			);
			runOnlyForDeploymentPostprocessing = 0;
		};
		76CBECEF1A83A111008C4551 /* Resources */ = {
			isa = PBXResourcesBuildPhase;
			buildActionMask = 2147483647;
			files = (
			);
			runOnlyForDeploymentPostprocessing = 0;
		};
/* End PBXResourcesBuildPhase section */

/* Begin PBXSourcesBuildPhase section */
		76CBECD41A83A111008C4551 /* Sources */ = {
			isa = PBXSourcesBuildPhase;
			buildActionMask = 2147483647;
			files = (
				76CBECE41A83A111008C4551 /* ViewController.m in Sources */,
				76CBECE11A83A111008C4551 /* AppDelegate.m in Sources */,
				76CBECDE1A83A111008C4551 /* main.m in Sources */,
			);
			runOnlyForDeploymentPostprocessing = 0;
		};
		76CBECED1A83A111008C4551 /* Sources */ = {
			isa = PBXSourcesBuildPhase;
			buildActionMask = 2147483647;
			files = (
				76CBECF81A83A111008C4551 /* FeatherTests.m in Sources */,
			);
			runOnlyForDeploymentPostprocessing = 0;
		};
/* End PBXSourcesBuildPhase section */

/* Begin PBXTargetDependency section */
		76CBECF31A83A111008C4551 /* PBXTargetDependency */ = {
			isa = PBXTargetDependency;
			target = 76CBECD71A83A111008C4551 /* Feather */;
			targetProxy = 76CBECF21A83A111008C4551 /* PBXContainerItemProxy */;
		};
/* End PBXTargetDependency section */

/* Begin PBXVariantGroup section */
		76CBECE51A83A111008C4551 /* Main.storyboard */ = {
			isa = PBXVariantGroup;
			children = (
				76CBECE61A83A111008C4551 /* Base */,
			);
			name = Main.storyboard;
			sourceTree = "<group>";
		};
		76CBECEA1A83A111008C4551 /* LaunchScreen.xib */ = {
			isa = PBXVariantGroup;
			children = (
				76CBECEB1A83A111008C4551 /* Base */,
			);
			name = LaunchScreen.xib;
			sourceTree = "<group>";
		};
/* End PBXVariantGroup section */

/* Begin XCBuildConfiguration section */
		76CBECF91A83A111008C4551 /* Debug */ = {
			isa = XCBuildConfiguration;
			buildSettings = {
				ALWAYS_SEARCH_USER_PATHS = NO;
				CLANG_CXX_LANGUAGE_STANDARD = "gnu++0x";
				CLANG_CXX_LIBRARY = "libc++";
				CLANG_ENABLE_MODULES = YES;
				CLANG_ENABLE_OBJC_ARC = YES;
				CLANG_WARN_BOOL_CONVERSION = YES;
				CLANG_WARN_CONSTANT_CONVERSION = YES;
				CLANG_WARN_DIRECT_OBJC_ISA_USAGE = YES_ERROR;
				CLANG_WARN_EMPTY_BODY = YES;
				CLANG_WARN_ENUM_CONVERSION = YES;
				CLANG_WARN_INT_CONVERSION = YES;
				CLANG_WARN_OBJC_ROOT_CLASS = YES_ERROR;
				CLANG_WARN_UNREACHABLE_CODE = YES;
				CLANG_WARN__DUPLICATE_METHOD_MATCH = YES;
				"CODE_SIGN_IDENTITY[sdk=iphoneos*]" = "iPhone Developer";
				COPY_PHASE_STRIP = NO;
				ENABLE_STRICT_OBJC_MSGSEND = YES;
				GCC_C_LANGUAGE_STANDARD = gnu99;
				GCC_DYNAMIC_NO_PIC = NO;
				GCC_OPTIMIZATION_LEVEL = 0;
				GCC_PREPROCESSOR_DEFINITIONS = (
					"DEBUG=1",
					"$(inherited)",
				);
				GCC_SYMBOLS_PRIVATE_EXTERN = NO;
				GCC_WARN_64_TO_32_BIT_CONVERSION = YES;
				GCC_WARN_ABOUT_RETURN_TYPE = YES_ERROR;
				GCC_WARN_UNDECLARED_SELECTOR = YES;
				GCC_WARN_UNINITIALIZED_AUTOS = YES_AGGRESSIVE;
				GCC_WARN_UNUSED_FUNCTION = YES;
				GCC_WARN_UNUSED_VARIABLE = YES;
				IPHONEOS_DEPLOYMENT_TARGET = 8.1;
				MTL_ENABLE_DEBUG_INFO = YES;
				ONLY_ACTIVE_ARCH = YES;
				SDKROOT = iphoneos;
			};
			name = Debug;
		};
		76CBECFA1A83A111008C4551 /* Release */ = {
			isa = XCBuildConfiguration;
			buildSettings = {
				ALWAYS_SEARCH_USER_PATHS = NO;
				CLANG_CXX_LANGUAGE_STANDARD = "gnu++0x";
				CLANG_CXX_LIBRARY = "libc++";
				CLANG_ENABLE_MODULES = YES;
				CLANG_ENABLE_OBJC_ARC = YES;
				CLANG_WARN_BOOL_CONVERSION = YES;
				CLANG_WARN_CONSTANT_CONVERSION = YES;
				CLANG_WARN_DIRECT_OBJC_ISA_USAGE = YES_ERROR;
				CLANG_WARN_EMPTY_BODY = YES;
				CLANG_WARN_ENUM_CONVERSION = YES;
				CLANG_WARN_INT_CONVERSION = YES;
				CLANG_WARN_OBJC_ROOT_CLASS = YES_ERROR;
				CLANG_WARN_UNREACHABLE_CODE = YES;
				CLANG_WARN__DUPLICATE_METHOD_MATCH = YES;
				"CODE_SIGN_IDENTITY[sdk=iphoneos*]" = "iPhone Developer";
				COPY_PHASE_STRIP = YES;
				ENABLE_NS_ASSERTIONS = NO;
				ENABLE_STRICT_OBJC_MSGSEND = YES;
				GCC_C_LANGUAGE_STANDARD = gnu99;
				GCC_WARN_64_TO_32_BIT_CONVERSION = YES;
				GCC_WARN_ABOUT_RETURN_TYPE = YES_ERROR;
				GCC_WARN_UNDECLARED_SELECTOR = YES;
				GCC_WARN_UNINITIALIZED_AUTOS = YES_AGGRESSIVE;
				GCC_WARN_UNUSED_FUNCTION = YES;
				GCC_WARN_UNUSED_VARIABLE = YES;
				IPHONEOS_DEPLOYMENT_TARGET = 8.1;
				MTL_ENABLE_DEBUG_INFO = NO;
				SDKROOT = iphoneos;
				VALIDATE_PRODUCT = YES;
			};
			name = Release;
		};
		76CBECFC1A83A111008C4551 /* Debug */ = {
			isa = XCBuildConfiguration;
			buildSettings = {
				ASSETCATALOG_COMPILER_APPICON_NAME = AppIcon;
				INFOPLIST_FILE = Feather/Info.plist;
				LD_RUNPATH_SEARCH_PATHS = "$(inherited) @executable_path/Frameworks";
				PRODUCT_NAME = "$(TARGET_NAME)";
			};
			name = Debug;
		};
		76CBECFD1A83A111008C4551 /* Release */ = {
			isa = XCBuildConfiguration;
			buildSettings = {
				ASSETCATALOG_COMPILER_APPICON_NAME = AppIcon;
				INFOPLIST_FILE = Feather/Info.plist;
				LD_RUNPATH_SEARCH_PATHS = "$(inherited) @executable_path/Frameworks";
				PRODUCT_NAME = "$(TARGET_NAME)";
			};
			name = Release;
		};
		76CBECFF1A83A111008C4551 /* Debug */ = {
			isa = XCBuildConfiguration;
			buildSettings = {
				BUNDLE_LOADER = "$(TEST_HOST)";
				FRAMEWORK_SEARCH_PATHS = (
					"$(SDKROOT)/Developer/Library/Frameworks",
					"$(inherited)",
				);
				GCC_PREPROCESSOR_DEFINITIONS = (
					"DEBUG=1",
					"$(inherited)",
				);
				INFOPLIST_FILE = FeatherTests/Info.plist;
				LD_RUNPATH_SEARCH_PATHS = "$(inherited) @executable_path/Frameworks @loader_path/Frameworks";
				PRODUCT_NAME = "$(TARGET_NAME)";
				TEST_HOST = "$(BUILT_PRODUCTS_DIR)/Feather.app/Feather";
			};
			name = Debug;
		};
		76CBED001A83A111008C4551 /* Release */ = {
			isa = XCBuildConfiguration;
			buildSettings = {
				BUNDLE_LOADER = "$(TEST_HOST)";
				FRAMEWORK_SEARCH_PATHS = (
					"$(SDKROOT)/Developer/Library/Frameworks",
					"$(inherited)",
				);
				INFOPLIST_FILE = FeatherTests/Info.plist;
				LD_RUNPATH_SEARCH_PATHS = "$(inherited) @executable_path/Frameworks @loader_path/Frameworks";
				PRODUCT_NAME = "$(TARGET_NAME)";
				TEST_HOST = "$(BUILT_PRODUCTS_DIR)/Feather.app/Feather";
			};
			name = Release;
		};
/* End XCBuildConfiguration section */

/* Begin XCConfigurationList section */
		76CBECD31A83A110008C4551 /* Build configuration list for PBXProject "Feather" */ = {
			isa = XCConfigurationList;
			buildConfigurations = (
				76CBECF91A83A111008C4551 /* Debug */,
				76CBECFA1A83A111008C4551 /* Release */,
			);
			defaultConfigurationIsVisible = 0;
			defaultConfigurationName = Release;
		};
		76CBECFB1A83A111008C4551 /* Build configuration list for PBXNativeTarget "Feather" */ = {
			isa = XCConfigurationList;
			buildConfigurations = (
				76CBECFC1A83A111008C4551 /* Debug */,
				76CBECFD1A83A111008C4551 /* Release */,
			);
			defaultConfigurationIsVisible = 0;
		};
		76CBECFE1A83A111008C4551 /* Build configuration list for PBXNativeTarget "FeatherTests" */ = {
			isa = XCConfigurationList;
			buildConfigurations = (
				76CBECFF1A83A111008C4551 /* Debug */,
				76CBED001A83A111008C4551 /* Release */,
			);
			defaultConfigurationIsVisible = 0;
		};
/* End XCConfigurationList section */
	};
	rootObject = 76CBECD01A83A110008C4551 /* Project object */;
}
